
Microsoft Visual Studio Solution File, Format Version 12.00
# Visual Studio 15
VisualStudioVersion = 15.0.28307.757
MinimumVisualStudioVersion = 10.0.40219.1
Project("{FAE04EC0-301F-11D3-BF4B-00C04F79EFBC}") = "WpfDockPanelCustomization", "Reporting-Customize-Dock-Panels-In-Wpf-Report-Designer\WpfDockPanelCustomization.csproj", "{10904B04-07DA-40D7-A913-DC11F289744D}"
EndProject
Global
	GlobalSection(SolutionConfigurationPlatforms) = preSolution
		Debug|Any CPU = Debug|Any CPU
		Release|Any CPU = Release|Any CPU
	EndGlobalSection
	GlobalSection(ProjectConfigurationPlatforms) = postSolution
		{10904B04-07DA-40D7-A913-DC11F289744D}.Debug|Any CPU.ActiveCfg = Debug|Any CPU
		{10904B04-07DA-40D7-A913-DC11F289744D}.Debug|Any CPU.Build.0 = Debug|Any CPU
		{10904B04-07DA-40D7-A913-DC11F289744D}.Release|Any CPU.ActiveCfg = Release|Any CPU
		{10904B04-07DA-40D7-A913-DC11F289744D}.Release|Any CPU.Build.0 = Release|Any CPU
	EndGlobalSection
	GlobalSection(SolutionProperties) = preSolution
		HideSolutionNode = FALSE
	EndGlobalSection
	GlobalSection(ExtensibilityGlobals) = postSolution
		SolutionGuid = {2BBAEB3A-87B7-4F27-B0C0-D4113C620E0A}
	EndGlobalSection
EndGlobal
